
Microsoft Visual Studio Solution File, Format Version 12.00
# Visual Studio Version 17
VisualStudioVersion = 17.11.35312.102
MinimumVisualStudioVersion = 10.0.40219.1
Project("{8BC9CEB8-8B4A-11D0-8D11-00A0C91BC942}") = "Data Structure HW3", "Data Structure HW3\Data Structure HW3.vcxproj", "{4A1F2E07-29A3-40E0-A2D3-B3E92BE5020F}"
EndProject
Global
	GlobalSection(SolutionConfigurationPlatforms) = preSolution
		Debug|x64 = Debug|x64
		Debug|x86 = Debug|x86
		Release|x64 = Release|x64
		Release|x86 = Release|x86
	EndGlobalSection
	GlobalSection(ProjectConfigurationPlatforms) = postSolution
		{4A1F2E07-29A3-40E0-A2D3-B3E92BE5020F}.Debug|x64.ActiveCfg = Debug|x64
		{4A1F2E07-29A3-40E0-A2D3-B3E92BE5020F}.Debug|x64.Build.0 = Debug|x64
		{4A1F2E07-29A3-40E0-A2D3-B3E92BE5020F}.Debug|x86.ActiveCfg = Debug|Win32
		{4A1F2E07-29A3-40E0-A2D3-B3E92BE5020F}.Debug|x86.Build.0 = Debug|Win32
		{4A1F2E07-29A3-40E0-A2D3-B3E92BE5020F}.Release|x64.ActiveCfg = Release|x64
		{4A1F2E07-29A3-40E0-A2D3-B3E92BE5020F}.Release|x64.Build.0 = Release|x64
		{4A1F2E07-29A3-40E0-A2D3-B3E92BE5020F}.Release|x86.ActiveCfg = Release|Win32
		{4A1F2E07-29A3-40E0-A2D3-B3E92BE5020F}.Release|x86.Build.0 = Release|Win32
	EndGlobalSection
	GlobalSection(SolutionProperties) = preSolution
		HideSolutionNode = FALSE
	EndGlobalSection
	GlobalSection(ExtensibilityGlobals) = postSolution
		SolutionGuid = {16D75F3D-A059-4E63-AEC3-9BA02F14D4A7}
	EndGlobalSection
EndGlobal
